
Microsoft Visual Studio Solution File, Format Version 12.00
# Visual Studio Version 16
VisualStudioVersion = 16.0.30523.141
MinimumVisualStudioVersion = 10.0.40219.1
Project("{8BC9CEB8-8B4A-11D0-8D11-00A0C91BC942}") = "LuaPlugin", "VCMP-LUA\LuaPlugin.vcxproj", "{165C766E-82C6-2AE5-CB04-DC8A37AE083A}"
EndProject
Project("{8BC9CEB8-8B4A-11D0-8D11-00A0C91BC942}") = "Lua", "VCMP-LUA\vendor\Lua\Lua.vcxproj", "{A705880B-130F-887C-9C8A-9E7C0893937C}"
EndProject
Project("{8BC9CEB8-8B4A-11D0-8D11-00A0C91BC942}") = "module-crypto", "VCMP-LUA\modules\crypto\module-crypto.vcxproj", "{193CBA34-85FC-356B-4E37-7FE8BAB67A47}"
EndProject
Project("{8BC9CEB8-8B4A-11D0-8D11-00A0C91BC942}") = "spdlog", "VCMP-LUA\vendor\spdlog\spdlog.vcxproj", "{8EAD431C-7A4F-6EF2-630A-82464F4BF542}"
EndProject
Global
	GlobalSection(SolutionConfigurationPlatforms) = preSolution
		Release|Win32 = Release|Win32
		Release|x64 = Release|x64
		Release32|Win32 = Release32|Win32
		Release32|x64 = Release32|x64
	EndGlobalSection
	GlobalSection(ProjectConfigurationPlatforms) = postSolution
		{165C766E-82C6-2AE5-CB04-DC8A37AE083A}.Release|Win32.ActiveCfg = Release|Win32
		{165C766E-82C6-2AE5-CB04-DC8A37AE083A}.Release|Win32.Build.0 = Release|Win32
		{165C766E-82C6-2AE5-CB04-DC8A37AE083A}.Release|x64.ActiveCfg = Release|x64
		{165C766E-82C6-2AE5-CB04-DC8A37AE083A}.Release|x64.Build.0 = Release|x64
		{165C766E-82C6-2AE5-CB04-DC8A37AE083A}.Release32|Win32.ActiveCfg = Release32|Win32
		{165C766E-82C6-2AE5-CB04-DC8A37AE083A}.Release32|Win32.Build.0 = Release32|Win32
		{165C766E-82C6-2AE5-CB04-DC8A37AE083A}.Release32|x64.ActiveCfg = Release32|x64
		{165C766E-82C6-2AE5-CB04-DC8A37AE083A}.Release32|x64.Build.0 = Release32|x64
		{A705880B-130F-887C-9C8A-9E7C0893937C}.Release|Win32.ActiveCfg = Release|Win32
		{A705880B-130F-887C-9C8A-9E7C0893937C}.Release|Win32.Build.0 = Release|Win32
		{A705880B-130F-887C-9C8A-9E7C0893937C}.Release|x64.ActiveCfg = Release|x64
		{A705880B-130F-887C-9C8A-9E7C0893937C}.Release|x64.Build.0 = Release|x64
		{A705880B-130F-887C-9C8A-9E7C0893937C}.Release32|Win32.ActiveCfg = Release32|Win32
		{A705880B-130F-887C-9C8A-9E7C0893937C}.Release32|Win32.Build.0 = Release32|Win32
		{A705880B-130F-887C-9C8A-9E7C0893937C}.Release32|x64.ActiveCfg = Release32|x64
		{A705880B-130F-887C-9C8A-9E7C0893937C}.Release32|x64.Build.0 = Release32|x64
		{193CBA34-85FC-356B-4E37-7FE8BAB67A47}.Release|Win32.ActiveCfg = Release|Win32
		{193CBA34-85FC-356B-4E37-7FE8BAB67A47}.Release|Win32.Build.0 = Release|Win32
		{193CBA34-85FC-356B-4E37-7FE8BAB67A47}.Release|x64.ActiveCfg = Release|x64
		{193CBA34-85FC-356B-4E37-7FE8BAB67A47}.Release|x64.Build.0 = Release|x64
		{193CBA34-85FC-356B-4E37-7FE8BAB67A47}.Release32|Win32.ActiveCfg = Release32|Win32
		{193CBA34-85FC-356B-4E37-7FE8BAB67A47}.Release32|Win32.Build.0 = Release32|Win32
		{193CBA34-85FC-356B-4E37-7FE8BAB67A47}.Release32|x64.ActiveCfg = Release32|x64
		{193CBA34-85FC-356B-4E37-7FE8BAB67A47}.Release32|x64.Build.0 = Release32|x64
		{8EAD431C-7A4F-6EF2-630A-82464F4BF542}.Release|Win32.ActiveCfg = Release|Win32
		{8EAD431C-7A4F-6EF2-630A-82464F4BF542}.Release|Win32.Build.0 = Release|Win32
		{8EAD431C-7A4F-6EF2-630A-82464F4BF542}.Release|x64.ActiveCfg = Release|x64
		{8EAD431C-7A4F-6EF2-630A-82464F4BF542}.Release|x64.Build.0 = Release|x64
		{8EAD431C-7A4F-6EF2-630A-82464F4BF542}.Release32|Win32.ActiveCfg = Release32|Win32
		{8EAD431C-7A4F-6EF2-630A-82464F4BF542}.Release32|Win32.Build.0 = Release32|Win32
		{8EAD431C-7A4F-6EF2-630A-82464F4BF542}.Release32|x64.ActiveCfg = Release32|x64
		{8EAD431C-7A4F-6EF2-630A-82464F4BF542}.Release32|x64.Build.0 = Release32|x64
	EndGlobalSection
	GlobalSection(SolutionProperties) = preSolution
		HideSolutionNode = FALSE
	EndGlobalSection
	GlobalSection(ExtensibilityGlobals) = postSolution
		SolutionGuid = {6A350E77-86D3-48C4-809F-16FBDE1EEABF}
	EndGlobalSection
EndGlobal
