<?xml version="1.0" encoding="utf-8"?>
<Project ToolsVersion="4.0" xmlns="http://schemas.microsoft.com/developer/msbuild/2003">
  <ItemGroup>
    <Filter Include="include">
      <UniqueIdentifier>{89AF369E-F58E-B539-FEA6-40106A051C9B}</UniqueIdentifier>
    </Filter>
    <Filter Include="vcmpWrap">
      <UniqueIdentifier>{35942F2D-2161-8A38-4A7A-78E036A6BFC6}</UniqueIdentifier>
    </Filter>
    <Filter Include="vcmpWrap\Classes">
      <UniqueIdentifier>{1268E483-FE60-03D6-2793-E85A13EBE2E1}</UniqueIdentifier>
    </Filter>
    <Filter Include="vcmpWrap\EventManager">
      <UniqueIdentifier>{61E5F048-CD51-AC43-9645-44A10271CEAB}</UniqueIdentifier>
    </Filter>
    <Filter Include="vcmpWrap\Log">
      <UniqueIdentifier>{86BEB3A6-7221-434B-1BA7-7B0107E90ECE}</UniqueIdentifier>
    </Filter>
    <Filter Include="vcmpWrap\Timer">
      <UniqueIdentifier>{C5182B23-B1E6-1E29-9A7A-8F4F86E7FA8D}</UniqueIdentifier>
    </Filter>
    <Filter Include="vendor">
      <UniqueIdentifier>{B3738122-9F15-ACF8-88D0-BF4C74113349}</UniqueIdentifier>
    </Filter>
    <Filter Include="vendor\Lua">
      <UniqueIdentifier>{C42DC5A8-B0E5-06F6-19ED-DF5105C4A1E6}</UniqueIdentifier>
    </Filter>
    <Filter Include="vendor\spdlog">
      <UniqueIdentifier>{8BBC5F22-F77C-DB58-C0B7-24D62C372035}</UniqueIdentifier>
    </Filter>
    <Filter Include="vendor\spdlog\bench">
      <UniqueIdentifier>{1AD3E432-8634-C240-0FA2-08F37B02F9FF}</UniqueIdentifier>
    </Filter>
    <Filter Include="vendor\spdlog\include">
      <UniqueIdentifier>{FE3E7AAE-6AAB-35A9-339F-CD069FCA5711}</UniqueIdentifier>
    </Filter>
    <Filter Include="vendor\spdlog\include\spdlog">
      <UniqueIdentifier>{76856FF2-6240-5F9E-0BF8-D7E8F791A92E}</UniqueIdentifier>
    </Filter>
    <Filter Include="vendor\spdlog\include\spdlog\cfg">
      <UniqueIdentifier>{F5C81C01-E119-0843-0A7E-F604F62D9BAC}</UniqueIdentifier>
    </Filter>
    <Filter Include="vendor\spdlog\include\spdlog\details">
      <UniqueIdentifier>{EB8B59AF-D772-1BA7-80C3-81C46C89940D}</UniqueIdentifier>
    </Filter>
    <Filter Include="vendor\spdlog\include\spdlog\fmt">
      <UniqueIdentifier>{ACD61C01-9827-0843-C18B-F604AD3B9BAC}</UniqueIdentifier>
    </Filter>
    <Filter Include="vendor\spdlog\include\spdlog\fmt\bundled">
      <UniqueIdentifier>{99E1FA97-855E-EEDA-AEDB-EEEE9AB78A6E}</UniqueIdentifier>
    </Filter>
    <Filter Include="vendor\spdlog\include\spdlog\sinks">
      <UniqueIdentifier>{6D3396BC-596F-9926-C281-B11DAEDC4141}</UniqueIdentifier>
    </Filter>
    <Filter Include="vendor\spdlog\src">
      <UniqueIdentifier>{22C8CC8D-8EDE-CA23-D755-564543AB9BAB}</UniqueIdentifier>
    </Filter>
  </ItemGroup>
  <ItemGroup>
    <ClInclude Include="include\ConvertUTF.h">
      <Filter>include</Filter>
    </ClInclude>
    <ClInclude Include="include\SimpleIni.h">
      <Filter>include</Filter>
    </ClInclude>
    <ClInclude Include="include\utility.h">
      <Filter>include</Filter>
    </ClInclude>
    <ClInclude Include="include\vcmp.h">
      <Filter>include</Filter>
    </ClInclude>
    <ClInclude Include="pch.h" />
    <ClInclude Include="vcmpWrap\Classes\Object.h">
      <Filter>vcmpWrap\Classes</Filter>
    </ClInclude>
    <ClInclude Include="vcmpWrap\Classes\Player.h">
      <Filter>vcmpWrap\Classes</Filter>
    </ClInclude>
    <ClInclude Include="vcmpWrap\Classes\Server.h">
      <Filter>vcmpWrap\Classes</Filter>
    </ClInclude>
    <ClInclude Include="vcmpWrap\Classes\Stream.h">
      <Filter>vcmpWrap\Classes</Filter>
    </ClInclude>
    <ClInclude Include="vcmpWrap\Classes\Vehicle.h">
      <Filter>vcmpWrap\Classes</Filter>
    </ClInclude>
    <ClInclude Include="vcmpWrap\Constants.h">
      <Filter>vcmpWrap</Filter>
    </ClInclude>
    <ClInclude Include="vcmpWrap\EventManager\EventManager.h">
      <Filter>vcmpWrap\EventManager</Filter>
    </ClInclude>
    <ClInclude Include="vcmpWrap\Log\Logger.h">
      <Filter>vcmpWrap\Log</Filter>
    </ClInclude>
    <ClInclude Include="vcmpWrap\Timer\TimerManager.h">
      <Filter>vcmpWrap\Timer</Filter>
    </ClInclude>
    <ClInclude Include="vcmpWrap\Timer\vcmpTimer.h">
      <Filter>vcmpWrap\Timer</Filter>
    </ClInclude>
    <ClInclude Include="vcmpWrap\globalTables.h">
      <Filter>vcmpWrap</Filter>
    </ClInclude>
    <ClInclude Include="vcmpWrap\vcmpCallbacks.h">
      <Filter>vcmpWrap</Filter>
    </ClInclude>
    <ClInclude Include="vendor\Lua\lapi.h">
      <Filter>vendor\Lua</Filter>
    </ClInclude>
    <ClInclude Include="vendor\Lua\lauxlib.h">
      <Filter>vendor\Lua</Filter>
    </ClInclude>
    <ClInclude Include="vendor\Lua\lcode.h">
      <Filter>vendor\Lua</Filter>
    </ClInclude>
    <ClInclude Include="vendor\Lua\lctype.h">
      <Filter>vendor\Lua</Filter>
    </ClInclude>
    <ClInclude Include="vendor\Lua\ldebug.h">
      <Filter>vendor\Lua</Filter>
    </ClInclude>
    <ClInclude Include="vendor\Lua\ldo.h">
      <Filter>vendor\Lua</Filter>
    </ClInclude>
    <ClInclude Include="vendor\Lua\lfunc.h">
      <Filter>vendor\Lua</Filter>
    </ClInclude>
    <ClInclude Include="vendor\Lua\lgc.h">
      <Filter>vendor\Lua</Filter>
    </ClInclude>
    <ClInclude Include="vendor\Lua\llex.h">
      <Filter>vendor\Lua</Filter>
    </ClInclude>
    <ClInclude Include="vendor\Lua\llimits.h">
      <Filter>vendor\Lua</Filter>
    </ClInclude>
    <ClInclude Include="vendor\Lua\lmem.h">
      <Filter>vendor\Lua</Filter>
    </ClInclude>
    <ClInclude Include="vendor\Lua\lobject.h">
      <Filter>vendor\Lua</Filter>
    </ClInclude>
    <ClInclude Include="vendor\Lua\lopcodes.h">
      <Filter>vendor\Lua</Filter>
    </ClInclude>
    <ClInclude Include="vendor\Lua\lparser.h">
      <Filter>vendor\Lua</Filter>
    </ClInclude>
    <ClInclude Include="vendor\Lua\lprefix.h">
      <Filter>vendor\Lua</Filter>
    </ClInclude>
    <ClInclude Include="vendor\Lua\lstate.h">
      <Filter>vendor\Lua</Filter>
    </ClInclude>
    <ClInclude Include="vendor\Lua\lstring.h">
      <Filter>vendor\Lua</Filter>
    </ClInclude>
    <ClInclude Include="vendor\Lua\ltable.h">
      <Filter>vendor\Lua</Filter>
    </ClInclude>
    <ClInclude Include="vendor\Lua\ltm.h">
      <Filter>vendor\Lua</Filter>
    </ClInclude>
    <ClInclude Include="vendor\Lua\lua.h">
      <Filter>vendor\Lua</Filter>
    </ClInclude>
    <ClInclude Include="vendor\Lua\luaconf.h">
      <Filter>vendor\Lua</Filter>
    </ClInclude>
    <ClInclude Include="vendor\Lua\lualib.h">
      <Filter>vendor\Lua</Filter>
    </ClInclude>
    <ClInclude Include="vendor\Lua\lundump.h">
      <Filter>vendor\Lua</Filter>
    </ClInclude>
    <ClInclude Include="vendor\Lua\lvm.h">
      <Filter>vendor\Lua</Filter>
    </ClInclude>
    <ClInclude Include="vendor\Lua\lzio.h">
      <Filter>vendor\Lua</Filter>
    </ClInclude>
    <ClInclude Include="vendor\spdlog\bench\utils.h">
      <Filter>vendor\spdlog\bench</Filter>
    </ClInclude>
    <ClInclude Include="vendor\spdlog\include\spdlog\async.h">
      <Filter>vendor\spdlog\include\spdlog</Filter>
    </ClInclude>
    <ClInclude Include="vendor\spdlog\include\spdlog\async_logger-inl.h">
      <Filter>vendor\spdlog\include\spdlog</Filter>
    </ClInclude>
    <ClInclude Include="vendor\spdlog\include\spdlog\async_logger.h">
      <Filter>vendor\spdlog\include\spdlog</Filter>
    </ClInclude>
    <ClInclude Include="vendor\spdlog\include\spdlog\cfg\argv.h">
      <Filter>vendor\spdlog\include\spdlog\cfg</Filter>
    </ClInclude>
    <ClInclude Include="vendor\spdlog\include\spdlog\cfg\env.h">
      <Filter>vendor\spdlog\include\spdlog\cfg</Filter>
    </ClInclude>
    <ClInclude Include="vendor\spdlog\include\spdlog\cfg\helpers-inl.h">
      <Filter>vendor\spdlog\include\spdlog\cfg</Filter>
    </ClInclude>
    <ClInclude Include="vendor\spdlog\include\spdlog\cfg\helpers.h">
      <Filter>vendor\spdlog\include\spdlog\cfg</Filter>
    </ClInclude>
    <ClInclude Include="vendor\spdlog\include\spdlog\common-inl.h">
      <Filter>vendor\spdlog\include\spdlog</Filter>
    </ClInclude>
    <ClInclude Include="vendor\spdlog\include\spdlog\common.h">
      <Filter>vendor\spdlog\include\spdlog</Filter>
    </ClInclude>
    <ClInclude Include="vendor\spdlog\include\spdlog\details\backtracer-inl.h">
      <Filter>vendor\spdlog\include\spdlog\details</Filter>
    </ClInclude>
    <ClInclude Include="vendor\spdlog\include\spdlog\details\backtracer.h">
      <Filter>vendor\spdlog\include\spdlog\details</Filter>
    </ClInclude>
    <ClInclude Include="vendor\spdlog\include\spdlog\details\circular_q.h">
      <Filter>vendor\spdlog\include\spdlog\details</Filter>
    </ClInclude>
    <ClInclude Include="vendor\spdlog\include\spdlog\details\console_globals.h">
      <Filter>vendor\spdlog\include\spdlog\details</Filter>
    </ClInclude>
    <ClInclude Include="vendor\spdlog\include\spdlog\details\file_helper-inl.h">
      <Filter>vendor\spdlog\include\spdlog\details</Filter>
    </ClInclude>
    <ClInclude Include="vendor\spdlog\include\spdlog\details\file_helper.h">
      <Filter>vendor\spdlog\include\spdlog\details</Filter>
    </ClInclude>
    <ClInclude Include="vendor\spdlog\include\spdlog\details\fmt_helper.h">
      <Filter>vendor\spdlog\include\spdlog\details</Filter>
    </ClInclude>
    <ClInclude Include="vendor\spdlog\include\spdlog\details\log_msg-inl.h">
      <Filter>vendor\spdlog\include\spdlog\details</Filter>
    </ClInclude>
    <ClInclude Include="vendor\spdlog\include\spdlog\details\log_msg.h">
      <Filter>vendor\spdlog\include\spdlog\details</Filter>
    </ClInclude>
    <ClInclude Include="vendor\spdlog\include\spdlog\details\log_msg_buffer-inl.h">
      <Filter>vendor\spdlog\include\spdlog\details</Filter>
    </ClInclude>
    <ClInclude Include="vendor\spdlog\include\spdlog\details\log_msg_buffer.h">
      <Filter>vendor\spdlog\include\spdlog\details</Filter>
    </ClInclude>
    <ClInclude Include="vendor\spdlog\include\spdlog\details\mpmc_blocking_q.h">
      <Filter>vendor\spdlog\include\spdlog\details</Filter>
    </ClInclude>
    <ClInclude Include="vendor\spdlog\include\spdlog\details\null_mutex.h">
      <Filter>vendor\spdlog\include\spdlog\details</Filter>
    </ClInclude>
    <ClInclude Include="vendor\spdlog\include\spdlog\details\os-inl.h">
      <Filter>vendor\spdlog\include\spdlog\details</Filter>
    </ClInclude>
    <ClInclude Include="vendor\spdlog\include\spdlog\details\os.h">
      <Filter>vendor\spdlog\include\spdlog\details</Filter>
    </ClInclude>
    <ClInclude Include="vendor\spdlog\include\spdlog\details\periodic_worker-inl.h">
      <Filter>vendor\spdlog\include\spdlog\details</Filter>
    </ClInclude>
    <ClInclude Include="vendor\spdlog\include\spdlog\details\periodic_worker.h">
      <Filter>vendor\spdlog\include\spdlog\details</Filter>
    </ClInclude>
    <ClInclude Include="vendor\spdlog\include\spdlog\details\registry-inl.h">
      <Filter>vendor\spdlog\include\spdlog\details</Filter>
    </ClInclude>
    <ClInclude Include="vendor\spdlog\include\spdlog\details\registry.h">
      <Filter>vendor\spdlog\include\spdlog\details</Filter>
    </ClInclude>
    <ClInclude Include="vendor\spdlog\include\spdlog\details\synchronous_factory.h">
      <Filter>vendor\spdlog\include\spdlog\details</Filter>
    </ClInclude>
    <ClInclude Include="vendor\spdlog\include\spdlog\details\tcp_client-windows.h">
      <Filter>vendor\spdlog\include\spdlog\details</Filter>
    </ClInclude>
    <ClInclude Include="vendor\spdlog\include\spdlog\details\tcp_client.h">
      <Filter>vendor\spdlog\include\spdlog\details</Filter>
    </ClInclude>
    <ClInclude Include="vendor\spdlog\include\spdlog\details\thread_pool-inl.h">
      <Filter>vendor\spdlog\include\spdlog\details</Filter>
    </ClInclude>
    <ClInclude Include="vendor\spdlog\include\spdlog\details\thread_pool.h">
      <Filter>vendor\spdlog\include\spdlog\details</Filter>
    </ClInclude>
    <ClInclude Include="vendor\spdlog\include\spdlog\details\windows_include.h">
      <Filter>vendor\spdlog\include\spdlog\details</Filter>
    </ClInclude>
    <ClInclude Include="vendor\spdlog\include\spdlog\fmt\bin_to_hex.h">
      <Filter>vendor\spdlog\include\spdlog\fmt</Filter>
    </ClInclude>
    <ClInclude Include="vendor\spdlog\include\spdlog\fmt\bundled\chrono.h">
      <Filter>vendor\spdlog\include\spdlog\fmt\bundled</Filter>
    </ClInclude>
    <ClInclude Include="vendor\spdlog\include\spdlog\fmt\bundled\color.h">
      <Filter>vendor\spdlog\include\spdlog\fmt\bundled</Filter>
    </ClInclude>
    <ClInclude Include="vendor\spdlog\include\spdlog\fmt\bundled\compile.h">
      <Filter>vendor\spdlog\include\spdlog\fmt\bundled</Filter>
    </ClInclude>
    <ClInclude Include="vendor\spdlog\include\spdlog\fmt\bundled\core.h">
      <Filter>vendor\spdlog\include\spdlog\fmt\bundled</Filter>
    </ClInclude>
    <ClInclude Include="vendor\spdlog\include\spdlog\fmt\bundled\format-inl.h">
      <Filter>vendor\spdlog\include\spdlog\fmt\bundled</Filter>
    </ClInclude>
    <ClInclude Include="vendor\spdlog\include\spdlog\fmt\bundled\format.h">
      <Filter>vendor\spdlog\include\spdlog\fmt\bundled</Filter>
    </ClInclude>
    <ClInclude Include="vendor\spdlog\include\spdlog\fmt\bundled\locale.h">
      <Filter>vendor\spdlog\include\spdlog\fmt\bundled</Filter>
    </ClInclude>
    <ClInclude Include="vendor\spdlog\include\spdlog\fmt\bundled\os.h">
      <Filter>vendor\spdlog\include\spdlog\fmt\bundled</Filter>
    </ClInclude>
    <ClInclude Include="vendor\spdlog\include\spdlog\fmt\bundled\ostream.h">
      <Filter>vendor\spdlog\include\spdlog\fmt\bundled</Filter>
    </ClInclude>
    <ClInclude Include="vendor\spdlog\include\spdlog\fmt\bundled\posix.h">
      <Filter>vendor\spdlog\include\spdlog\fmt\bundled</Filter>
    </ClInclude>
    <ClInclude Include="vendor\spdlog\include\spdlog\fmt\bundled\printf.h">
      <Filter>vendor\spdlog\include\spdlog\fmt\bundled</Filter>
    </ClInclude>
    <ClInclude Include="vendor\spdlog\include\spdlog\fmt\bundled\ranges.h">
      <Filter>vendor\spdlog\include\spdlog\fmt\bundled</Filter>
    </ClInclude>
    <ClInclude Include="vendor\spdlog\include\spdlog\fmt\chrono.h">
      <Filter>vendor\spdlog\include\spdlog\fmt</Filter>
    </ClInclude>
    <ClInclude Include="vendor\spdlog\include\spdlog\fmt\fmt.h">
      <Filter>vendor\spdlog\include\spdlog\fmt</Filter>
    </ClInclude>
    <ClInclude Include="vendor\spdlog\include\spdlog\fmt\ostr.h">
      <Filter>vendor\spdlog\include\spdlog\fmt</Filter>
    </ClInclude>
    <ClInclude Include="vendor\spdlog\include\spdlog\formatter.h">
      <Filter>vendor\spdlog\include\spdlog</Filter>
    </ClInclude>
    <ClInclude Include="vendor\spdlog\include\spdlog\fwd.h">
      <Filter>vendor\spdlog\include\spdlog</Filter>
    </ClInclude>
    <ClInclude Include="vendor\spdlog\include\spdlog\logger-inl.h">
      <Filter>vendor\spdlog\include\spdlog</Filter>
    </ClInclude>
    <ClInclude Include="vendor\spdlog\include\spdlog\logger.h">
      <Filter>vendor\spdlog\include\spdlog</Filter>
    </ClInclude>
    <ClInclude Include="vendor\spdlog\include\spdlog\pattern_formatter-inl.h">
      <Filter>vendor\spdlog\include\spdlog</Filter>
    </ClInclude>
    <ClInclude Include="vendor\spdlog\include\spdlog\pattern_formatter.h">
      <Filter>vendor\spdlog\include\spdlog</Filter>
    </ClInclude>
    <ClInclude Include="vendor\spdlog\include\spdlog\sinks\android_sink.h">
      <Filter>vendor\spdlog\include\spdlog\sinks</Filter>
    </ClInclude>
    <ClInclude Include="vendor\spdlog\include\spdlog\sinks\ansicolor_sink-inl.h">
      <Filter>vendor\spdlog\include\spdlog\sinks</Filter>
    </ClInclude>
    <ClInclude Include="vendor\spdlog\include\spdlog\sinks\ansicolor_sink.h">
      <Filter>vendor\spdlog\include\spdlog\sinks</Filter>
    </ClInclude>
    <ClInclude Include="vendor\spdlog\include\spdlog\sinks\base_sink-inl.h">
      <Filter>vendor\spdlog\include\spdlog\sinks</Filter>
    </ClInclude>
    <ClInclude Include="vendor\spdlog\include\spdlog\sinks\base_sink.h">
      <Filter>vendor\spdlog\include\spdlog\sinks</Filter>
    </ClInclude>
    <ClInclude Include="vendor\spdlog\include\spdlog\sinks\basic_file_sink-inl.h">
      <Filter>vendor\spdlog\include\spdlog\sinks</Filter>
    </ClInclude>
    <ClInclude Include="vendor\spdlog\include\spdlog\sinks\basic_file_sink.h">
      <Filter>vendor\spdlog\include\spdlog\sinks</Filter>
    </ClInclude>
    <ClInclude Include="vendor\spdlog\include\spdlog\sinks\daily_file_sink.h">
      <Filter>vendor\spdlog\include\spdlog\sinks</Filter>
    </ClInclude>
    <ClInclude Include="vendor\spdlog\include\spdlog\sinks\dist_sink.h">
      <Filter>vendor\spdlog\include\spdlog\sinks</Filter>
    </ClInclude>
    <ClInclude Include="vendor\spdlog\include\spdlog\sinks\dup_filter_sink.h">
      <Filter>vendor\spdlog\include\spdlog\sinks</Filter>
    </ClInclude>
    <ClInclude Include="vendor\spdlog\include\spdlog\sinks\msvc_sink.h">
      <Filter>vendor\spdlog\include\spdlog\sinks</Filter>
    </ClInclude>
    <ClInclude Include="vendor\spdlog\include\spdlog\sinks\null_sink.h">
      <Filter>vendor\spdlog\include\spdlog\sinks</Filter>
    </ClInclude>
    <ClInclude Include="vendor\spdlog\include\spdlog\sinks\ostream_sink.h">
      <Filter>vendor\spdlog\include\spdlog\sinks</Filter>
    </ClInclude>
    <ClInclude Include="vendor\spdlog\include\spdlog\sinks\ringbuffer_sink.h">
      <Filter>vendor\spdlog\include\spdlog\sinks</Filter>
    </ClInclude>
    <ClInclude Include="vendor\spdlog\include\spdlog\sinks\rotating_file_sink-inl.h">
      <Filter>vendor\spdlog\include\spdlog\sinks</Filter>
    </ClInclude>
    <ClInclude Include="vendor\spdlog\include\spdlog\sinks\rotating_file_sink.h">
      <Filter>vendor\spdlog\include\spdlog\sinks</Filter>
    </ClInclude>
    <ClInclude Include="vendor\spdlog\include\spdlog\sinks\sink-inl.h">
      <Filter>vendor\spdlog\include\spdlog\sinks</Filter>
    </ClInclude>
    <ClInclude Include="vendor\spdlog\include\spdlog\sinks\sink.h">
      <Filter>vendor\spdlog\include\spdlog\sinks</Filter>
    </ClInclude>
    <ClInclude Include="vendor\spdlog\include\spdlog\sinks\stdout_color_sinks-inl.h">
      <Filter>vendor\spdlog\include\spdlog\sinks</Filter>
    </ClInclude>
    <ClInclude Include="vendor\spdlog\include\spdlog\sinks\stdout_color_sinks.h">
      <Filter>vendor\spdlog\include\spdlog\sinks</Filter>
    </ClInclude>
    <ClInclude Include="vendor\spdlog\include\spdlog\sinks\stdout_sinks-inl.h">
      <Filter>vendor\spdlog\include\spdlog\sinks</Filter>
    </ClInclude>
    <ClInclude Include="vendor\spdlog\include\spdlog\sinks\stdout_sinks.h">
      <Filter>vendor\spdlog\include\spdlog\sinks</Filter>
    </ClInclude>
    <ClInclude Include="vendor\spdlog\include\spdlog\sinks\syslog_sink.h">
      <Filter>vendor\spdlog\include\spdlog\sinks</Filter>
    </ClInclude>
    <ClInclude Include="vendor\spdlog\include\spdlog\sinks\systemd_sink.h">
      <Filter>vendor\spdlog\include\spdlog\sinks</Filter>
    </ClInclude>
    <ClInclude Include="vendor\spdlog\include\spdlog\sinks\tcp_sink.h">
      <Filter>vendor\spdlog\include\spdlog\sinks</Filter>
    </ClInclude>
    <ClInclude Include="vendor\spdlog\include\spdlog\sinks\win_eventlog_sink.h">
      <Filter>vendor\spdlog\include\spdlog\sinks</Filter>
    </ClInclude>
    <ClInclude Include="vendor\spdlog\include\spdlog\sinks\wincolor_sink-inl.h">
      <Filter>vendor\spdlog\include\spdlog\sinks</Filter>
    </ClInclude>
    <ClInclude Include="vendor\spdlog\include\spdlog\sinks\wincolor_sink.h">
      <Filter>vendor\spdlog\include\spdlog\sinks</Filter>
    </ClInclude>
    <ClInclude Include="vendor\spdlog\include\spdlog\spdlog-inl.h">
      <Filter>vendor\spdlog\include\spdlog</Filter>
    </ClInclude>
    <ClInclude Include="vendor\spdlog\include\spdlog\spdlog.h">
      <Filter>vendor\spdlog\include\spdlog</Filter>
    </ClInclude>
    <ClInclude Include="vendor\spdlog\include\spdlog\stopwatch.h">
      <Filter>vendor\spdlog\include\spdlog</Filter>
    </ClInclude>
    <ClInclude Include="vendor\spdlog\include\spdlog\tweakme.h">
      <Filter>vendor\spdlog\include\spdlog</Filter>
    </ClInclude>
    <ClInclude Include="vendor\spdlog\include\spdlog\version.h">
      <Filter>vendor\spdlog\include\spdlog</Filter>
    </ClInclude>
  </ItemGroup>
  <ItemGroup>
    <ClCompile Include="Core.cpp" />
    <ClCompile Include="include\ConvertUTF.c">
      <Filter>include</Filter>
    </ClCompile>
    <ClCompile Include="pch.cpp" />
    <ClCompile Include="vcmpWrap\Classes\Object.cpp">
      <Filter>vcmpWrap\Classes</Filter>
    </ClCompile>
    <ClCompile Include="vcmpWrap\Classes\Player.cpp">
      <Filter>vcmpWrap\Classes</Filter>
    </ClCompile>
    <ClCompile Include="vcmpWrap\Classes\Server.cpp">
      <Filter>vcmpWrap\Classes</Filter>
    </ClCompile>
    <ClCompile Include="vcmpWrap\Classes\Stream.cpp">
      <Filter>vcmpWrap\Classes</Filter>
    </ClCompile>
    <ClCompile Include="vcmpWrap\Classes\Vehicle.cpp">
      <Filter>vcmpWrap\Classes</Filter>
    </ClCompile>
    <ClCompile Include="vcmpWrap\EventManager\EventManager.cpp">
      <Filter>vcmpWrap\EventManager</Filter>
    </ClCompile>
    <ClCompile Include="vcmpWrap\Timer\TimerManager.cpp">
      <Filter>vcmpWrap\Timer</Filter>
    </ClCompile>
    <ClCompile Include="vcmpWrap\Timer\vcmpTimer.cpp">
      <Filter>vcmpWrap\Timer</Filter>
    </ClCompile>
    <ClCompile Include="vendor\spdlog\bench\async_bench.cpp">
      <Filter>vendor\spdlog\bench</Filter>
    </ClCompile>
    <ClCompile Include="vendor\spdlog\bench\bench.cpp">
      <Filter>vendor\spdlog\bench</Filter>
    </ClCompile>
    <ClCompile Include="vendor\spdlog\bench\formatter-bench.cpp">
      <Filter>vendor\spdlog\bench</Filter>
    </ClCompile>
    <ClCompile Include="vendor\spdlog\bench\latency.cpp">
      <Filter>vendor\spdlog\bench</Filter>
    </ClCompile>
    <ClCompile Include="vendor\spdlog\src\async.cpp">
      <Filter>vendor\spdlog\src</Filter>
    </ClCompile>
    <ClCompile Include="vendor\spdlog\src\cfg.cpp">
      <Filter>vendor\spdlog\src</Filter>
    </ClCompile>
    <ClCompile Include="vendor\spdlog\src\color_sinks.cpp">
      <Filter>vendor\spdlog\src</Filter>
    </ClCompile>
    <ClCompile Include="vendor\spdlog\src\file_sinks.cpp">
      <Filter>vendor\spdlog\src</Filter>
    </ClCompile>
    <ClCompile Include="vendor\spdlog\src\fmt.cpp">
      <Filter>vendor\spdlog\src</Filter>
    </ClCompile>
    <ClCompile Include="vendor\spdlog\src\spdlog.cpp">
      <Filter>vendor\spdlog\src</Filter>
    </ClCompile>
    <ClCompile Include="vendor\spdlog\src\stdout_sinks.cpp">
      <Filter>vendor\spdlog\src</Filter>
    </ClCompile>
  </ItemGroup>
</Project>