<?xml version="1.0" encoding="utf-8"?>
<Project ToolsVersion="4.0" xmlns="http://schemas.microsoft.com/developer/msbuild/2003">
  <ItemGroup>
    <Filter Include="include">
      <UniqueIdentifier>{89AF369E-F58E-B539-FEA6-40106A051C9B}</UniqueIdentifier>
    </Filter>
    <Filter Include="sol">
      <UniqueIdentifier>{D3AA880B-3FB4-887C-C82F-9F7C3438947C}</UniqueIdentifier>
    </Filter>
    <Filter Include="vcmpWrap">
      <UniqueIdentifier>{35942F2D-2161-8A38-4A7A-78E036A6BFC6}</UniqueIdentifier>
    </Filter>
    <Filter Include="vcmpWrap\Classes">
      <UniqueIdentifier>{1268E483-FE60-03D6-2793-E85A13EBE2E1}</UniqueIdentifier>
    </Filter>
    <Filter Include="vcmpWrap\EventManager">
      <UniqueIdentifier>{61E5F048-CD51-AC43-9645-44A10271CEAB}</UniqueIdentifier>
    </Filter>
    <Filter Include="vcmpWrap\Log">
      <UniqueIdentifier>{86BEB3A6-7221-434B-1BA7-7B0107E90ECE}</UniqueIdentifier>
    </Filter>
    <Filter Include="vcmpWrap\Timer">
      <UniqueIdentifier>{C5182B23-B1E6-1E29-9A7A-8F4F86E7FA8D}</UniqueIdentifier>
    </Filter>
    <Filter Include="vendor">
      <UniqueIdentifier>{B3738122-9F15-ACF8-88D0-BF4C74113349}</UniqueIdentifier>
    </Filter>
    <Filter Include="vendor\Lua">
      <UniqueIdentifier>{C42DC5A8-B0E5-06F6-19ED-DF5105C4A1E6}</UniqueIdentifier>
    </Filter>
    <Filter Include="vendor\spdlog">
      <UniqueIdentifier>{8BBC5F22-F77C-DB58-C0B7-24D62C372035}</UniqueIdentifier>
    </Filter>
    <Filter Include="vendor\spdlog\cfg">
      <UniqueIdentifier>{8A82CC8D-F698-CA23-3F10-5645AB659BAB}</UniqueIdentifier>
    </Filter>
    <Filter Include="vendor\spdlog\details">
      <UniqueIdentifier>{0008C619-6C74-8114-3568-1972A193A37C}</UniqueIdentifier>
    </Filter>
    <Filter Include="vendor\spdlog\fmt">
      <UniqueIdentifier>{4190CC8D-ADA6-CA23-F61D-564562739BAB}</UniqueIdentifier>
    </Filter>
    <Filter Include="vendor\spdlog\fmt\bundled">
      <UniqueIdentifier>{2E60C11D-9A22-F5A7-E3D2-83344FD4CD85}</UniqueIdentifier>
    </Filter>
    <Filter Include="vendor\spdlog\sinks">
      <UniqueIdentifier>{42A61A34-AE07-F841-3775-3EF4A3D52E01}</UniqueIdentifier>
    </Filter>
  </ItemGroup>
  <ItemGroup>
    <ClInclude Include="include\ConvertUTF.h">
      <Filter>include</Filter>
    </ClInclude>
    <ClInclude Include="include\SimpleIni.h">
      <Filter>include</Filter>
    </ClInclude>
    <ClInclude Include="include\utility.h">
      <Filter>include</Filter>
    </ClInclude>
    <ClInclude Include="include\vcmp.h">
      <Filter>include</Filter>
    </ClInclude>
    <ClInclude Include="pch.h" />
    <ClInclude Include="sol\forward.hpp">
      <Filter>sol</Filter>
    </ClInclude>
    <ClInclude Include="sol\sol.hpp">
      <Filter>sol</Filter>
    </ClInclude>
    <ClInclude Include="vcmpWrap\Classes\Object.h">
      <Filter>vcmpWrap\Classes</Filter>
    </ClInclude>
    <ClInclude Include="vcmpWrap\Classes\Player.h">
      <Filter>vcmpWrap\Classes</Filter>
    </ClInclude>
    <ClInclude Include="vcmpWrap\Classes\Server.h">
      <Filter>vcmpWrap\Classes</Filter>
    </ClInclude>
    <ClInclude Include="vcmpWrap\Classes\Stream.h">
      <Filter>vcmpWrap\Classes</Filter>
    </ClInclude>
    <ClInclude Include="vcmpWrap\Classes\Vehicle.h">
      <Filter>vcmpWrap\Classes</Filter>
    </ClInclude>
    <ClInclude Include="vcmpWrap\Constants.h">
      <Filter>vcmpWrap</Filter>
    </ClInclude>
    <ClInclude Include="vcmpWrap\EventManager\EventManager.h">
      <Filter>vcmpWrap\EventManager</Filter>
    </ClInclude>
    <ClInclude Include="vcmpWrap\Log\Logger.h">
      <Filter>vcmpWrap\Log</Filter>
    </ClInclude>
    <ClInclude Include="vcmpWrap\Timer\TimerManager.h">
      <Filter>vcmpWrap\Timer</Filter>
    </ClInclude>
    <ClInclude Include="vcmpWrap\Timer\vcmpTimer.h">
      <Filter>vcmpWrap\Timer</Filter>
    </ClInclude>
    <ClInclude Include="vcmpWrap\globalTables.h">
      <Filter>vcmpWrap</Filter>
    </ClInclude>
    <ClInclude Include="vcmpWrap\vcmpCallbacks.h">
      <Filter>vcmpWrap</Filter>
    </ClInclude>
    <ClInclude Include="vendor\Lua\lapi.h">
      <Filter>vendor\Lua</Filter>
    </ClInclude>
    <ClInclude Include="vendor\Lua\lauxlib.h">
      <Filter>vendor\Lua</Filter>
    </ClInclude>
    <ClInclude Include="vendor\Lua\lcode.h">
      <Filter>vendor\Lua</Filter>
    </ClInclude>
    <ClInclude Include="vendor\Lua\lctype.h">
      <Filter>vendor\Lua</Filter>
    </ClInclude>
    <ClInclude Include="vendor\Lua\ldebug.h">
      <Filter>vendor\Lua</Filter>
    </ClInclude>
    <ClInclude Include="vendor\Lua\ldo.h">
      <Filter>vendor\Lua</Filter>
    </ClInclude>
    <ClInclude Include="vendor\Lua\lfunc.h">
      <Filter>vendor\Lua</Filter>
    </ClInclude>
    <ClInclude Include="vendor\Lua\lgc.h">
      <Filter>vendor\Lua</Filter>
    </ClInclude>
    <ClInclude Include="vendor\Lua\llex.h">
      <Filter>vendor\Lua</Filter>
    </ClInclude>
    <ClInclude Include="vendor\Lua\llimits.h">
      <Filter>vendor\Lua</Filter>
    </ClInclude>
    <ClInclude Include="vendor\Lua\lmem.h">
      <Filter>vendor\Lua</Filter>
    </ClInclude>
    <ClInclude Include="vendor\Lua\lobject.h">
      <Filter>vendor\Lua</Filter>
    </ClInclude>
    <ClInclude Include="vendor\Lua\lopcodes.h">
      <Filter>vendor\Lua</Filter>
    </ClInclude>
    <ClInclude Include="vendor\Lua\lparser.h">
      <Filter>vendor\Lua</Filter>
    </ClInclude>
    <ClInclude Include="vendor\Lua\lprefix.h">
      <Filter>vendor\Lua</Filter>
    </ClInclude>
    <ClInclude Include="vendor\Lua\lstate.h">
      <Filter>vendor\Lua</Filter>
    </ClInclude>
    <ClInclude Include="vendor\Lua\lstring.h">
      <Filter>vendor\Lua</Filter>
    </ClInclude>
    <ClInclude Include="vendor\Lua\ltable.h">
      <Filter>vendor\Lua</Filter>
    </ClInclude>
    <ClInclude Include="vendor\Lua\ltm.h">
      <Filter>vendor\Lua</Filter>
    </ClInclude>
    <ClInclude Include="vendor\Lua\lua.h">
      <Filter>vendor\Lua</Filter>
    </ClInclude>
    <ClInclude Include="vendor\Lua\luaconf.h">
      <Filter>vendor\Lua</Filter>
    </ClInclude>
    <ClInclude Include="vendor\Lua\lualib.h">
      <Filter>vendor\Lua</Filter>
    </ClInclude>
    <ClInclude Include="vendor\Lua\lundump.h">
      <Filter>vendor\Lua</Filter>
    </ClInclude>
    <ClInclude Include="vendor\Lua\lvm.h">
      <Filter>vendor\Lua</Filter>
    </ClInclude>
    <ClInclude Include="vendor\Lua\lzio.h">
      <Filter>vendor\Lua</Filter>
    </ClInclude>
    <ClInclude Include="vendor\spdlog\async.h">
      <Filter>vendor\spdlog</Filter>
    </ClInclude>
    <ClInclude Include="vendor\spdlog\async_logger-inl.h">
      <Filter>vendor\spdlog</Filter>
    </ClInclude>
    <ClInclude Include="vendor\spdlog\async_logger.h">
      <Filter>vendor\spdlog</Filter>
    </ClInclude>
    <ClInclude Include="vendor\spdlog\cfg\argv.h">
      <Filter>vendor\spdlog\cfg</Filter>
    </ClInclude>
    <ClInclude Include="vendor\spdlog\cfg\env.h">
      <Filter>vendor\spdlog\cfg</Filter>
    </ClInclude>
    <ClInclude Include="vendor\spdlog\cfg\helpers-inl.h">
      <Filter>vendor\spdlog\cfg</Filter>
    </ClInclude>
    <ClInclude Include="vendor\spdlog\cfg\helpers.h">
      <Filter>vendor\spdlog\cfg</Filter>
    </ClInclude>
    <ClInclude Include="vendor\spdlog\cfg\log_levels.h">
      <Filter>vendor\spdlog\cfg</Filter>
    </ClInclude>
    <ClInclude Include="vendor\spdlog\common-inl.h">
      <Filter>vendor\spdlog</Filter>
    </ClInclude>
    <ClInclude Include="vendor\spdlog\common.h">
      <Filter>vendor\spdlog</Filter>
    </ClInclude>
    <ClInclude Include="vendor\spdlog\details\backtracer-inl.h">
      <Filter>vendor\spdlog\details</Filter>
    </ClInclude>
    <ClInclude Include="vendor\spdlog\details\backtracer.h">
      <Filter>vendor\spdlog\details</Filter>
    </ClInclude>
    <ClInclude Include="vendor\spdlog\details\circular_q.h">
      <Filter>vendor\spdlog\details</Filter>
    </ClInclude>
    <ClInclude Include="vendor\spdlog\details\console_globals.h">
      <Filter>vendor\spdlog\details</Filter>
    </ClInclude>
    <ClInclude Include="vendor\spdlog\details\file_helper-inl.h">
      <Filter>vendor\spdlog\details</Filter>
    </ClInclude>
    <ClInclude Include="vendor\spdlog\details\file_helper.h">
      <Filter>vendor\spdlog\details</Filter>
    </ClInclude>
    <ClInclude Include="vendor\spdlog\details\fmt_helper.h">
      <Filter>vendor\spdlog\details</Filter>
    </ClInclude>
    <ClInclude Include="vendor\spdlog\details\log_msg-inl.h">
      <Filter>vendor\spdlog\details</Filter>
    </ClInclude>
    <ClInclude Include="vendor\spdlog\details\log_msg.h">
      <Filter>vendor\spdlog\details</Filter>
    </ClInclude>
    <ClInclude Include="vendor\spdlog\details\log_msg_buffer-inl.h">
      <Filter>vendor\spdlog\details</Filter>
    </ClInclude>
    <ClInclude Include="vendor\spdlog\details\log_msg_buffer.h">
      <Filter>vendor\spdlog\details</Filter>
    </ClInclude>
    <ClInclude Include="vendor\spdlog\details\mpmc_blocking_q.h">
      <Filter>vendor\spdlog\details</Filter>
    </ClInclude>
    <ClInclude Include="vendor\spdlog\details\null_mutex.h">
      <Filter>vendor\spdlog\details</Filter>
    </ClInclude>
    <ClInclude Include="vendor\spdlog\details\os-inl.h">
      <Filter>vendor\spdlog\details</Filter>
    </ClInclude>
    <ClInclude Include="vendor\spdlog\details\os.h">
      <Filter>vendor\spdlog\details</Filter>
    </ClInclude>
    <ClInclude Include="vendor\spdlog\details\periodic_worker-inl.h">
      <Filter>vendor\spdlog\details</Filter>
    </ClInclude>
    <ClInclude Include="vendor\spdlog\details\periodic_worker.h">
      <Filter>vendor\spdlog\details</Filter>
    </ClInclude>
    <ClInclude Include="vendor\spdlog\details\registry-inl.h">
      <Filter>vendor\spdlog\details</Filter>
    </ClInclude>
    <ClInclude Include="vendor\spdlog\details\registry.h">
      <Filter>vendor\spdlog\details</Filter>
    </ClInclude>
    <ClInclude Include="vendor\spdlog\details\synchronous_factory.h">
      <Filter>vendor\spdlog\details</Filter>
    </ClInclude>
    <ClInclude Include="vendor\spdlog\details\tcp_client-windows.h">
      <Filter>vendor\spdlog\details</Filter>
    </ClInclude>
    <ClInclude Include="vendor\spdlog\details\tcp_client.h">
      <Filter>vendor\spdlog\details</Filter>
    </ClInclude>
    <ClInclude Include="vendor\spdlog\details\thread_pool-inl.h">
      <Filter>vendor\spdlog\details</Filter>
    </ClInclude>
    <ClInclude Include="vendor\spdlog\details\thread_pool.h">
      <Filter>vendor\spdlog\details</Filter>
    </ClInclude>
    <ClInclude Include="vendor\spdlog\details\windows_include.h">
      <Filter>vendor\spdlog\details</Filter>
    </ClInclude>
    <ClInclude Include="vendor\spdlog\fmt\bin_to_hex.h">
      <Filter>vendor\spdlog\fmt</Filter>
    </ClInclude>
    <ClInclude Include="vendor\spdlog\fmt\bundled\chrono.h">
      <Filter>vendor\spdlog\fmt\bundled</Filter>
    </ClInclude>
    <ClInclude Include="vendor\spdlog\fmt\bundled\color.h">
      <Filter>vendor\spdlog\fmt\bundled</Filter>
    </ClInclude>
    <ClInclude Include="vendor\spdlog\fmt\bundled\compile.h">
      <Filter>vendor\spdlog\fmt\bundled</Filter>
    </ClInclude>
    <ClInclude Include="vendor\spdlog\fmt\bundled\core.h">
      <Filter>vendor\spdlog\fmt\bundled</Filter>
    </ClInclude>
    <ClInclude Include="vendor\spdlog\fmt\bundled\format-inl.h">
      <Filter>vendor\spdlog\fmt\bundled</Filter>
    </ClInclude>
    <ClInclude Include="vendor\spdlog\fmt\bundled\format.h">
      <Filter>vendor\spdlog\fmt\bundled</Filter>
    </ClInclude>
    <ClInclude Include="vendor\spdlog\fmt\bundled\locale.h">
      <Filter>vendor\spdlog\fmt\bundled</Filter>
    </ClInclude>
    <ClInclude Include="vendor\spdlog\fmt\bundled\ostream.h">
      <Filter>vendor\spdlog\fmt\bundled</Filter>
    </ClInclude>
    <ClInclude Include="vendor\spdlog\fmt\bundled\posix.h">
      <Filter>vendor\spdlog\fmt\bundled</Filter>
    </ClInclude>
    <ClInclude Include="vendor\spdlog\fmt\bundled\printf.h">
      <Filter>vendor\spdlog\fmt\bundled</Filter>
    </ClInclude>
    <ClInclude Include="vendor\spdlog\fmt\bundled\ranges.h">
      <Filter>vendor\spdlog\fmt\bundled</Filter>
    </ClInclude>
    <ClInclude Include="vendor\spdlog\fmt\fmt.h">
      <Filter>vendor\spdlog\fmt</Filter>
    </ClInclude>
    <ClInclude Include="vendor\spdlog\fmt\ostr.h">
      <Filter>vendor\spdlog\fmt</Filter>
    </ClInclude>
    <ClInclude Include="vendor\spdlog\formatter.h">
      <Filter>vendor\spdlog</Filter>
    </ClInclude>
    <ClInclude Include="vendor\spdlog\fwd.h">
      <Filter>vendor\spdlog</Filter>
    </ClInclude>
    <ClInclude Include="vendor\spdlog\logger-inl.h">
      <Filter>vendor\spdlog</Filter>
    </ClInclude>
    <ClInclude Include="vendor\spdlog\logger.h">
      <Filter>vendor\spdlog</Filter>
    </ClInclude>
    <ClInclude Include="vendor\spdlog\pattern_formatter-inl.h">
      <Filter>vendor\spdlog</Filter>
    </ClInclude>
    <ClInclude Include="vendor\spdlog\pattern_formatter.h">
      <Filter>vendor\spdlog</Filter>
    </ClInclude>
    <ClInclude Include="vendor\spdlog\sinks\android_sink.h">
      <Filter>vendor\spdlog\sinks</Filter>
    </ClInclude>
    <ClInclude Include="vendor\spdlog\sinks\ansicolor_sink-inl.h">
      <Filter>vendor\spdlog\sinks</Filter>
    </ClInclude>
    <ClInclude Include="vendor\spdlog\sinks\ansicolor_sink.h">
      <Filter>vendor\spdlog\sinks</Filter>
    </ClInclude>
    <ClInclude Include="vendor\spdlog\sinks\base_sink-inl.h">
      <Filter>vendor\spdlog\sinks</Filter>
    </ClInclude>
    <ClInclude Include="vendor\spdlog\sinks\base_sink.h">
      <Filter>vendor\spdlog\sinks</Filter>
    </ClInclude>
    <ClInclude Include="vendor\spdlog\sinks\basic_file_sink-inl.h">
      <Filter>vendor\spdlog\sinks</Filter>
    </ClInclude>
    <ClInclude Include="vendor\spdlog\sinks\basic_file_sink.h">
      <Filter>vendor\spdlog\sinks</Filter>
    </ClInclude>
    <ClInclude Include="vendor\spdlog\sinks\daily_file_sink.h">
      <Filter>vendor\spdlog\sinks</Filter>
    </ClInclude>
    <ClInclude Include="vendor\spdlog\sinks\dist_sink.h">
      <Filter>vendor\spdlog\sinks</Filter>
    </ClInclude>
    <ClInclude Include="vendor\spdlog\sinks\dup_filter_sink.h">
      <Filter>vendor\spdlog\sinks</Filter>
    </ClInclude>
    <ClInclude Include="vendor\spdlog\sinks\msvc_sink.h">
      <Filter>vendor\spdlog\sinks</Filter>
    </ClInclude>
    <ClInclude Include="vendor\spdlog\sinks\null_sink.h">
      <Filter>vendor\spdlog\sinks</Filter>
    </ClInclude>
    <ClInclude Include="vendor\spdlog\sinks\ostream_sink.h">
      <Filter>vendor\spdlog\sinks</Filter>
    </ClInclude>
    <ClInclude Include="vendor\spdlog\sinks\ringbuffer_sink.h">
      <Filter>vendor\spdlog\sinks</Filter>
    </ClInclude>
    <ClInclude Include="vendor\spdlog\sinks\rotating_file_sink-inl.h">
      <Filter>vendor\spdlog\sinks</Filter>
    </ClInclude>
    <ClInclude Include="vendor\spdlog\sinks\rotating_file_sink.h">
      <Filter>vendor\spdlog\sinks</Filter>
    </ClInclude>
    <ClInclude Include="vendor\spdlog\sinks\sink-inl.h">
      <Filter>vendor\spdlog\sinks</Filter>
    </ClInclude>
    <ClInclude Include="vendor\spdlog\sinks\sink.h">
      <Filter>vendor\spdlog\sinks</Filter>
    </ClInclude>
    <ClInclude Include="vendor\spdlog\sinks\stdout_color_sinks-inl.h">
      <Filter>vendor\spdlog\sinks</Filter>
    </ClInclude>
    <ClInclude Include="vendor\spdlog\sinks\stdout_color_sinks.h">
      <Filter>vendor\spdlog\sinks</Filter>
    </ClInclude>
    <ClInclude Include="vendor\spdlog\sinks\stdout_sinks-inl.h">
      <Filter>vendor\spdlog\sinks</Filter>
    </ClInclude>
    <ClInclude Include="vendor\spdlog\sinks\stdout_sinks.h">
      <Filter>vendor\spdlog\sinks</Filter>
    </ClInclude>
    <ClInclude Include="vendor\spdlog\sinks\syslog_sink.h">
      <Filter>vendor\spdlog\sinks</Filter>
    </ClInclude>
    <ClInclude Include="vendor\spdlog\sinks\systemd_sink.h">
      <Filter>vendor\spdlog\sinks</Filter>
    </ClInclude>
    <ClInclude Include="vendor\spdlog\sinks\tcp_sink.h">
      <Filter>vendor\spdlog\sinks</Filter>
    </ClInclude>
    <ClInclude Include="vendor\spdlog\sinks\win_eventlog_sink.h">
      <Filter>vendor\spdlog\sinks</Filter>
    </ClInclude>
    <ClInclude Include="vendor\spdlog\sinks\wincolor_sink-inl.h">
      <Filter>vendor\spdlog\sinks</Filter>
    </ClInclude>
    <ClInclude Include="vendor\spdlog\sinks\wincolor_sink.h">
      <Filter>vendor\spdlog\sinks</Filter>
    </ClInclude>
    <ClInclude Include="vendor\spdlog\spdlog-inl.h">
      <Filter>vendor\spdlog</Filter>
    </ClInclude>
    <ClInclude Include="vendor\spdlog\spdlog.h">
      <Filter>vendor\spdlog</Filter>
    </ClInclude>
    <ClInclude Include="vendor\spdlog\tweakme.h">
      <Filter>vendor\spdlog</Filter>
    </ClInclude>
    <ClInclude Include="vendor\spdlog\version.h">
      <Filter>vendor\spdlog</Filter>
    </ClInclude>
  </ItemGroup>
  <ItemGroup>
    <ClCompile Include="Core.cpp" />
    <ClCompile Include="include\ConvertUTF.c">
      <Filter>include</Filter>
    </ClCompile>
    <ClCompile Include="pch.cpp" />
    <ClCompile Include="vcmpWrap\Classes\Object.cpp">
      <Filter>vcmpWrap\Classes</Filter>
    </ClCompile>
    <ClCompile Include="vcmpWrap\Classes\Player.cpp">
      <Filter>vcmpWrap\Classes</Filter>
    </ClCompile>
    <ClCompile Include="vcmpWrap\Classes\Server.cpp">
      <Filter>vcmpWrap\Classes</Filter>
    </ClCompile>
    <ClCompile Include="vcmpWrap\Classes\Stream.cpp">
      <Filter>vcmpWrap\Classes</Filter>
    </ClCompile>
    <ClCompile Include="vcmpWrap\Classes\Vehicle.cpp">
      <Filter>vcmpWrap\Classes</Filter>
    </ClCompile>
    <ClCompile Include="vcmpWrap\EventManager\EventManager.cpp">
      <Filter>vcmpWrap\EventManager</Filter>
    </ClCompile>
    <ClCompile Include="vcmpWrap\Timer\TimerManager.cpp">
      <Filter>vcmpWrap\Timer</Filter>
    </ClCompile>
    <ClCompile Include="vcmpWrap\Timer\vcmpTimer.cpp">
      <Filter>vcmpWrap\Timer</Filter>
    </ClCompile>
  </ItemGroup>
</Project>